
Microsoft Visual Studio Solution File, Format Version 12.00
# Visual Studio Version 16
VisualStudioVersion = 16.0.28803.156
MinimumVisualStudioVersion = 10.0.40219.1
Project("{2150E333-8FDC-42A3-9474-1A3956D46DE8}") = "Solution Items", "Solution Items", "{CB514D03-5FB8-47A2-8A74-E94D08404628}"
	ProjectSection(SolutionItems) = preProject
		.editorconfig = .editorconfig
		.gitignore = .gitignore
		README.md = README.md
	EndProjectSection
EndProject
Project("{2150E333-8FDC-42A3-9474-1A3956D46DE8}") = "src", "src", "{9D9B7B11-3F74-44AC-A177-C6EB7CC24B35}"
EndProject
Project("{9092AA53-FB77-4645-B42D-1CCCA6BD08BD}") = "GemTDHelper.Web", "src\GemTDHelper.Web\GemTDHelper.Web.njsproj", "{DA1FB9A6-7E09-4C59-8532-7A2DEFC5C8B1}"
EndProject
Global
	GlobalSection(SolutionConfigurationPlatforms) = preSolution
		Debug|Any CPU = Debug|Any CPU
		Release|Any CPU = Release|Any CPU
	EndGlobalSection
	GlobalSection(ProjectConfigurationPlatforms) = postSolution
		{DA1FB9A6-7E09-4C59-8532-7A2DEFC5C8B1}.Debug|Any CPU.ActiveCfg = Debug|Any CPU
		{DA1FB9A6-7E09-4C59-8532-7A2DEFC5C8B1}.Debug|Any CPU.Build.0 = Debug|Any CPU
		{DA1FB9A6-7E09-4C59-8532-7A2DEFC5C8B1}.Release|Any CPU.ActiveCfg = Release|Any CPU
		{DA1FB9A6-7E09-4C59-8532-7A2DEFC5C8B1}.Release|Any CPU.Build.0 = Release|Any CPU
	EndGlobalSection
	GlobalSection(SolutionProperties) = preSolution
		HideSolutionNode = FALSE
	EndGlobalSection
	GlobalSection(NestedProjects) = preSolution
		{DA1FB9A6-7E09-4C59-8532-7A2DEFC5C8B1} = {9D9B7B11-3F74-44AC-A177-C6EB7CC24B35}
	EndGlobalSection
	GlobalSection(ExtensibilityGlobals) = postSolution
		SolutionGuid = {A42F58C5-28F5-4840-A7F6-CFDFF66BB8C6}
	EndGlobalSection
EndGlobal
